
Microsoft Visual Studio Solution File, Format Version 12.00
# Visual Studio 15
VisualStudioVersion = 15.0.28307.168
MinimumVisualStudioVersion = 10.0.40219.1
Project("{FAE04EC0-301F-11D3-BF4B-00C04F79EFBC}") = "MyLiveSharp.Android", "MyLiveSharp\MyLiveSharp.Android\MyLiveSharp.Android.csproj", "{3EAD9A52-4AF0-4B42-B466-8B7F0346C569}"
EndProject
Project("{FAE04EC0-301F-11D3-BF4B-00C04F79EFBC}") = "MyLiveSharp.iOS", "MyLiveSharp\MyLiveSharp.iOS\MyLiveSharp.iOS.csproj", "{82B500A6-47C3-4884-A30E-AD7A0B821D0A}"
EndProject
Project("{FAE04EC0-301F-11D3-BF4B-00C04F79EFBC}") = "MyLiveSharp", "MyLiveSharp\MyLiveSharp\MyLiveSharp.csproj", "{7ED371C8-19ED-474B-B506-200A73B1B75D}"
EndProject
Global
	GlobalSection(SolutionConfigurationPlatforms) = preSolution
		Ad-Hoc|Any CPU = Ad-Hoc|Any CPU
		Ad-Hoc|iPhone = Ad-Hoc|iPhone
		Ad-Hoc|iPhoneSimulator = Ad-Hoc|iPhoneSimulator
		AppStore|Any CPU = AppStore|Any CPU
		AppStore|iPhone = AppStore|iPhone
		AppStore|iPhoneSimulator = AppStore|iPhoneSimulator
		Debug|Any CPU = Debug|Any CPU
		Debug|iPhone = Debug|iPhone
		Debug|iPhoneSimulator = Debug|iPhoneSimulator
		Release|Any CPU = Release|Any CPU
		Release|iPhone = Release|iPhone
		Release|iPhoneSimulator = Release|iPhoneSimulator
	EndGlobalSection
	GlobalSection(ProjectConfigurationPlatforms) = postSolution
		{3EAD9A52-4AF0-4B42-B466-8B7F0346C569}.Ad-Hoc|Any CPU.ActiveCfg = Release|Any CPU
		{3EAD9A52-4AF0-4B42-B466-8B7F0346C569}.Ad-Hoc|Any CPU.Build.0 = Release|Any CPU
		{3EAD9A52-4AF0-4B42-B466-8B7F0346C569}.Ad-Hoc|Any CPU.Deploy.0 = Release|Any CPU
		{3EAD9A52-4AF0-4B42-B466-8B7F0346C569}.Ad-Hoc|iPhone.ActiveCfg = Release|Any CPU
		{3EAD9A52-4AF0-4B42-B466-8B7F0346C569}.Ad-Hoc|iPhone.Build.0 = Release|Any CPU
		{3EAD9A52-4AF0-4B42-B466-8B7F0346C569}.Ad-Hoc|iPhone.Deploy.0 = Release|Any CPU
		{3EAD9A52-4AF0-4B42-B466-8B7F0346C569}.Ad-Hoc|iPhoneSimulator.ActiveCfg = Release|Any CPU
		{3EAD9A52-4AF0-4B42-B466-8B7F0346C569}.Ad-Hoc|iPhoneSimulator.Build.0 = Release|Any CPU
		{3EAD9A52-4AF0-4B42-B466-8B7F0346C569}.Ad-Hoc|iPhoneSimulator.Deploy.0 = Release|Any CPU
		{3EAD9A52-4AF0-4B42-B466-8B7F0346C569}.AppStore|Any CPU.ActiveCfg = Release|Any CPU
		{3EAD9A52-4AF0-4B42-B466-8B7F0346C569}.AppStore|Any CPU.Build.0 = Release|Any CPU
		{3EAD9A52-4AF0-4B42-B466-8B7F0346C569}.AppStore|Any CPU.Deploy.0 = Release|Any CPU
		{3EAD9A52-4AF0-4B42-B466-8B7F0346C569}.AppStore|iPhone.ActiveCfg = Release|Any CPU
		{3EAD9A52-4AF0-4B42-B466-8B7F0346C569}.AppStore|iPhone.Build.0 = Release|Any CPU
		{3EAD9A52-4AF0-4B42-B466-8B7F0346C569}.AppStore|iPhone.Deploy.0 = Release|Any CPU
		{3EAD9A52-4AF0-4B42-B466-8B7F0346C569}.AppStore|iPhoneSimulator.ActiveCfg = Release|Any CPU
		{3EAD9A52-4AF0-4B42-B466-8B7F0346C569}.AppStore|iPhoneSimulator.Build.0 = Release|Any CPU
		{3EAD9A52-4AF0-4B42-B466-8B7F0346C569}.AppStore|iPhoneSimulator.Deploy.0 = Release|Any CPU
		{3EAD9A52-4AF0-4B42-B466-8B7F0346C569}.Debug|Any CPU.ActiveCfg = Debug|Any CPU
		{3EAD9A52-4AF0-4B42-B466-8B7F0346C569}.Debug|Any CPU.Build.0 = Debug|Any CPU
		{3EAD9A52-4AF0-4B42-B466-8B7F0346C569}.Debug|Any CPU.Deploy.0 = Debug|Any CPU
		{3EAD9A52-4AF0-4B42-B466-8B7F0346C569}.Debug|iPhone.ActiveCfg = Debug|Any CPU
		{3EAD9A52-4AF0-4B42-B466-8B7F0346C569}.Debug|iPhone.Build.0 = Debug|Any CPU
		{3EAD9A52-4AF0-4B42-B466-8B7F0346C569}.Debug|iPhone.Deploy.0 = Debug|Any CPU
		{3EAD9A52-4AF0-4B42-B466-8B7F0346C569}.Debug|iPhoneSimulator.ActiveCfg = Debug|Any CPU
		{3EAD9A52-4AF0-4B42-B466-8B7F0346C569}.Debug|iPhoneSimulator.Build.0 = Debug|Any CPU
		{3EAD9A52-4AF0-4B42-B466-8B7F0346C569}.Debug|iPhoneSimulator.Deploy.0 = Debug|Any CPU
		{3EAD9A52-4AF0-4B42-B466-8B7F0346C569}.Release|Any CPU.ActiveCfg = Release|Any CPU
		{3EAD9A52-4AF0-4B42-B466-8B7F0346C569}.Release|Any CPU.Build.0 = Release|Any CPU
		{3EAD9A52-4AF0-4B42-B466-8B7F0346C569}.Release|Any CPU.Deploy.0 = Release|Any CPU
		{3EAD9A52-4AF0-4B42-B466-8B7F0346C569}.Release|iPhone.ActiveCfg = Release|Any CPU
		{3EAD9A52-4AF0-4B42-B466-8B7F0346C569}.Release|iPhone.Build.0 = Release|Any CPU
		{3EAD9A52-4AF0-4B42-B466-8B7F0346C569}.Release|iPhone.Deploy.0 = Release|Any CPU
		{3EAD9A52-4AF0-4B42-B466-8B7F0346C569}.Release|iPhoneSimulator.ActiveCfg = Release|Any CPU
		{3EAD9A52-4AF0-4B42-B466-8B7F0346C569}.Release|iPhoneSimulator.Build.0 = Release|Any CPU
		{3EAD9A52-4AF0-4B42-B466-8B7F0346C569}.Release|iPhoneSimulator.Deploy.0 = Release|Any CPU
		{82B500A6-47C3-4884-A30E-AD7A0B821D0A}.Ad-Hoc|Any CPU.ActiveCfg = Ad-Hoc|iPhone
		{82B500A6-47C3-4884-A30E-AD7A0B821D0A}.Ad-Hoc|Any CPU.Build.0 = Ad-Hoc|iPhone
		{82B500A6-47C3-4884-A30E-AD7A0B821D0A}.Ad-Hoc|Any CPU.Deploy.0 = Ad-Hoc|iPhone
		{82B500A6-47C3-4884-A30E-AD7A0B821D0A}.Ad-Hoc|iPhone.ActiveCfg = Ad-Hoc|iPhone
		{82B500A6-47C3-4884-A30E-AD7A0B821D0A}.Ad-Hoc|iPhone.Build.0 = Ad-Hoc|iPhone
		{82B500A6-47C3-4884-A30E-AD7A0B821D0A}.Ad-Hoc|iPhone.Deploy.0 = Ad-Hoc|iPhone
		{82B500A6-47C3-4884-A30E-AD7A0B821D0A}.Ad-Hoc|iPhoneSimulator.ActiveCfg = Ad-Hoc|iPhoneSimulator
		{82B500A6-47C3-4884-A30E-AD7A0B821D0A}.Ad-Hoc|iPhoneSimulator.Build.0 = Ad-Hoc|iPhoneSimulator
		{82B500A6-47C3-4884-A30E-AD7A0B821D0A}.Ad-Hoc|iPhoneSimulator.Deploy.0 = Ad-Hoc|iPhoneSimulator
		{82B500A6-47C3-4884-A30E-AD7A0B821D0A}.AppStore|Any CPU.ActiveCfg = AppStore|iPhone
		{82B500A6-47C3-4884-A30E-AD7A0B821D0A}.AppStore|Any CPU.Build.0 = AppStore|iPhone
		{82B500A6-47C3-4884-A30E-AD7A0B821D0A}.AppStore|Any CPU.Deploy.0 = AppStore|iPhone
		{82B500A6-47C3-4884-A30E-AD7A0B821D0A}.AppStore|iPhone.ActiveCfg = AppStore|iPhone
		{82B500A6-47C3-4884-A30E-AD7A0B821D0A}.AppStore|iPhone.Build.0 = AppStore|iPhone
		{82B500A6-47C3-4884-A30E-AD7A0B821D0A}.AppStore|iPhone.Deploy.0 = AppStore|iPhone
		{82B500A6-47C3-4884-A30E-AD7A0B821D0A}.AppStore|iPhoneSimulator.ActiveCfg = AppStore|iPhoneSimulator
		{82B500A6-47C3-4884-A30E-AD7A0B821D0A}.AppStore|iPhoneSimulator.Build.0 = AppStore|iPhoneSimulator
		{82B500A6-47C3-4884-A30E-AD7A0B821D0A}.AppStore|iPhoneSimulator.Deploy.0 = AppStore|iPhoneSimulator
		{82B500A6-47C3-4884-A30E-AD7A0B821D0A}.Debug|Any CPU.ActiveCfg = Debug|iPhoneSimulator
		{82B500A6-47C3-4884-A30E-AD7A0B821D0A}.Debug|Any CPU.Build.0 = Debug|iPhoneSimulator
		{82B500A6-47C3-4884-A30E-AD7A0B821D0A}.Debug|Any CPU.Deploy.0 = Debug|iPhoneSimulator
		{82B500A6-47C3-4884-A30E-AD7A0B821D0A}.Debug|iPhone.ActiveCfg = Debug|iPhone
		{82B500A6-47C3-4884-A30E-AD7A0B821D0A}.Debug|iPhone.Build.0 = Debug|iPhone
		{82B500A6-47C3-4884-A30E-AD7A0B821D0A}.Debug|iPhone.Deploy.0 = Debug|iPhone
		{82B500A6-47C3-4884-A30E-AD7A0B821D0A}.Debug|iPhoneSimulator.ActiveCfg = Debug|iPhoneSimulator
		{82B500A6-47C3-4884-A30E-AD7A0B821D0A}.Debug|iPhoneSimulator.Build.0 = Debug|iPhoneSimulator
		{82B500A6-47C3-4884-A30E-AD7A0B821D0A}.Debug|iPhoneSimulator.Deploy.0 = Debug|iPhoneSimulator
		{82B500A6-47C3-4884-A30E-AD7A0B821D0A}.Release|Any CPU.ActiveCfg = Release|iPhone
		{82B500A6-47C3-4884-A30E-AD7A0B821D0A}.Release|Any CPU.Build.0 = Release|iPhone
		{82B500A6-47C3-4884-A30E-AD7A0B821D0A}.Release|Any CPU.Deploy.0 = Release|iPhone
		{82B500A6-47C3-4884-A30E-AD7A0B821D0A}.Release|iPhone.ActiveCfg = Release|iPhone
		{82B500A6-47C3-4884-A30E-AD7A0B821D0A}.Release|iPhone.Build.0 = Release|iPhone
		{82B500A6-47C3-4884-A30E-AD7A0B821D0A}.Release|iPhone.Deploy.0 = Release|iPhone
		{82B500A6-47C3-4884-A30E-AD7A0B821D0A}.Release|iPhoneSimulator.ActiveCfg = Release|iPhoneSimulator
		{82B500A6-47C3-4884-A30E-AD7A0B821D0A}.Release|iPhoneSimulator.Build.0 = Release|iPhoneSimulator
		{82B500A6-47C3-4884-A30E-AD7A0B821D0A}.Release|iPhoneSimulator.Deploy.0 = Release|iPhoneSimulator
		{7ED371C8-19ED-474B-B506-200A73B1B75D}.Ad-Hoc|Any CPU.ActiveCfg = Debug|Any CPU
		{7ED371C8-19ED-474B-B506-200A73B1B75D}.Ad-Hoc|Any CPU.Build.0 = Debug|Any CPU
		{7ED371C8-19ED-474B-B506-200A73B1B75D}.Ad-Hoc|Any CPU.Deploy.0 = Debug|Any CPU
		{7ED371C8-19ED-474B-B506-200A73B1B75D}.Ad-Hoc|iPhone.ActiveCfg = Debug|Any CPU
		{7ED371C8-19ED-474B-B506-200A73B1B75D}.Ad-Hoc|iPhone.Build.0 = Debug|Any CPU
		{7ED371C8-19ED-474B-B506-200A73B1B75D}.Ad-Hoc|iPhone.Deploy.0 = Debug|Any CPU
		{7ED371C8-19ED-474B-B506-200A73B1B75D}.Ad-Hoc|iPhoneSimulator.ActiveCfg = Debug|Any CPU
		{7ED371C8-19ED-474B-B506-200A73B1B75D}.Ad-Hoc|iPhoneSimulator.Build.0 = Debug|Any CPU
		{7ED371C8-19ED-474B-B506-200A73B1B75D}.Ad-Hoc|iPhoneSimulator.Deploy.0 = Debug|Any CPU
		{7ED371C8-19ED-474B-B506-200A73B1B75D}.AppStore|Any CPU.ActiveCfg = Debug|Any CPU
		{7ED371C8-19ED-474B-B506-200A73B1B75D}.AppStore|Any CPU.Build.0 = Debug|Any CPU
		{7ED371C8-19ED-474B-B506-200A73B1B75D}.AppStore|Any CPU.Deploy.0 = Debug|Any CPU
		{7ED371C8-19ED-474B-B506-200A73B1B75D}.AppStore|iPhone.ActiveCfg = Debug|Any CPU
		{7ED371C8-19ED-474B-B506-200A73B1B75D}.AppStore|iPhone.Build.0 = Debug|Any CPU
		{7ED371C8-19ED-474B-B506-200A73B1B75D}.AppStore|iPhone.Deploy.0 = Debug|Any CPU
		{7ED371C8-19ED-474B-B506-200A73B1B75D}.AppStore|iPhoneSimulator.ActiveCfg = Debug|Any CPU
		{7ED371C8-19ED-474B-B506-200A73B1B75D}.AppStore|iPhoneSimulator.Build.0 = Debug|Any CPU
		{7ED371C8-19ED-474B-B506-200A73B1B75D}.AppStore|iPhoneSimulator.Deploy.0 = Debug|Any CPU
		{7ED371C8-19ED-474B-B506-200A73B1B75D}.Debug|Any CPU.ActiveCfg = Debug|Any CPU
		{7ED371C8-19ED-474B-B506-200A73B1B75D}.Debug|Any CPU.Build.0 = Debug|Any CPU
		{7ED371C8-19ED-474B-B506-200A73B1B75D}.Debug|Any CPU.Deploy.0 = Debug|Any CPU
		{7ED371C8-19ED-474B-B506-200A73B1B75D}.Debug|iPhone.ActiveCfg = Debug|Any CPU
		{7ED371C8-19ED-474B-B506-200A73B1B75D}.Debug|iPhone.Build.0 = Debug|Any CPU
		{7ED371C8-19ED-474B-B506-200A73B1B75D}.Debug|iPhone.Deploy.0 = Debug|Any CPU
		{7ED371C8-19ED-474B-B506-200A73B1B75D}.Debug|iPhoneSimulator.ActiveCfg = Debug|Any CPU
		{7ED371C8-19ED-474B-B506-200A73B1B75D}.Debug|iPhoneSimulator.Build.0 = Debug|Any CPU
		{7ED371C8-19ED-474B-B506-200A73B1B75D}.Debug|iPhoneSimulator.Deploy.0 = Debug|Any CPU
		{7ED371C8-19ED-474B-B506-200A73B1B75D}.Release|Any CPU.ActiveCfg = Release|Any CPU
		{7ED371C8-19ED-474B-B506-200A73B1B75D}.Release|Any CPU.Build.0 = Release|Any CPU
		{7ED371C8-19ED-474B-B506-200A73B1B75D}.Release|Any CPU.Deploy.0 = Release|Any CPU
		{7ED371C8-19ED-474B-B506-200A73B1B75D}.Release|iPhone.ActiveCfg = Release|Any CPU
		{7ED371C8-19ED-474B-B506-200A73B1B75D}.Release|iPhone.Build.0 = Release|Any CPU
		{7ED371C8-19ED-474B-B506-200A73B1B75D}.Release|iPhone.Deploy.0 = Release|Any CPU
		{7ED371C8-19ED-474B-B506-200A73B1B75D}.Release|iPhoneSimulator.ActiveCfg = Release|Any CPU
		{7ED371C8-19ED-474B-B506-200A73B1B75D}.Release|iPhoneSimulator.Build.0 = Release|Any CPU
		{7ED371C8-19ED-474B-B506-200A73B1B75D}.Release|iPhoneSimulator.Deploy.0 = Release|Any CPU
	EndGlobalSection
	GlobalSection(SolutionProperties) = preSolution
		HideSolutionNode = FALSE
	EndGlobalSection
	GlobalSection(ExtensibilityGlobals) = postSolution
		SolutionGuid = {E536A2AC-20E9-46AE-9010-338F001C2545}
	EndGlobalSection
EndGlobal
